
Microsoft Visual Studio Solution File, Format Version 12.00
# Visual Studio Version 17
VisualStudioVersion = 17.7.34202.233
MinimumVisualStudioVersion = 10.0.40219.1
Project("{FAE04EC0-301F-11D3-BF4B-00C04F79EFBC}") = "TCP_Data_Reading", "TCP_Data_Reading\TCP_Data_Reading.csproj", "{433902BA-38CF-40EF-8CB8-0017B7A07E26}"
EndProject
Global
	GlobalSection(SolutionConfigurationPlatforms) = preSolution
		Debug|Any CPU = Debug|Any CPU
		Release|Any CPU = Release|Any CPU
	EndGlobalSection
	GlobalSection(ProjectConfigurationPlatforms) = postSolution
		{433902BA-38CF-40EF-8CB8-0017B7A07E26}.Debug|Any CPU.ActiveCfg = Debug|Any CPU
		{433902BA-38CF-40EF-8CB8-0017B7A07E26}.Debug|Any CPU.Build.0 = Debug|Any CPU
		{433902BA-38CF-40EF-8CB8-0017B7A07E26}.Release|Any CPU.ActiveCfg = Release|Any CPU
		{433902BA-38CF-40EF-8CB8-0017B7A07E26}.Release|Any CPU.Build.0 = Release|Any CPU
	EndGlobalSection
	GlobalSection(SolutionProperties) = preSolution
		HideSolutionNode = FALSE
	EndGlobalSection
	GlobalSection(ExtensibilityGlobals) = postSolution
		SolutionGuid = {4D3F2779-4475-468D-A6FB-4AF66E6A93E5}
	EndGlobalSection
EndGlobal
